// !$*UTF8*$!
{
	archiveVersion = 1;
	classes = {
	};
	objectVersion = 56;
	objects = {

/* Begin PBXBuildFile section */
		7A6CE2C7292B83B7006DF397 /* AppDelegate.swift in Sources */ = {isa = PBXBuildFile; fileRef = 7A6CE2C6292B83B7006DF397 /* AppDelegate.swift */; };
		7A6CE2C9292B83B7006DF397 /* SceneDelegate.swift in Sources */ = {isa = PBXBuildFile; fileRef = 7A6CE2C8292B83B7006DF397 /* SceneDelegate.swift */; };
		7A6CE2CB292B83B7006DF397 /* ViewController.swift in Sources */ = {isa = PBXBuildFile; fileRef = 7A6CE2CA292B83B7006DF397 /* ViewController.swift */; };
		7A6CE2CE292B83B7006DF397 /* Main.storyboard in Resources */ = {isa = PBXBuildFile; fileRef = 7A6CE2CC292B83B7006DF397 /* Main.storyboard */; };
		7A6CE2D3292B83BB006DF397 /* Assets.xcassets in Resources */ = {isa = PBXBuildFile; fileRef = 7A6CE2D2292B83BB006DF397 /* Assets.xcassets */; };
		7A6CE2D6292B83BB006DF397 /* LaunchScreen.storyboard in Resources */ = {isa = PBXBuildFile; fileRef = 7A6CE2D4292B83BB006DF397 /* LaunchScreen.storyboard */; };
		7AC285BB2B8385D000FF75AB /* NewModel.xcdatamodeld in Sources */ = {isa = PBXBuildFile; fileRef = 7AC285B92B8385D000FF75AB /* NewModel.xcdatamodeld */; };
		7AC285C12B838B4600FF75AB /* Common.swift in Sources */ = {isa = PBXBuildFile; fileRef = 7AC285C02B838B4600FF75AB /* Common.swift */; };
/* End PBXBuildFile section */

/* Begin PBXFileReference section */
		7A6CE2C3292B83B7006DF397 /* coreDataEntries.app */ = {isa = PBXFileReference; explicitFileType = wrapper.application; includeInIndex = 0; path = coreDataEntries.app; sourceTree = BUILT_PRODUCTS_DIR; };
		7A6CE2C6292B83B7006DF397 /* AppDelegate.swift */ = {isa = PBXFileReference; lastKnownFileType = sourcecode.swift; path = AppDelegate.swift; sourceTree = "<group>"; };
		7A6CE2C8292B83B7006DF397 /* SceneDelegate.swift */ = {isa = PBXFileReference; lastKnownFileType = sourcecode.swift; path = SceneDelegate.swift; sourceTree = "<group>"; };
		7A6CE2CA292B83B7006DF397 /* ViewController.swift */ = {isa = PBXFileReference; lastKnownFileType = sourcecode.swift; path = ViewController.swift; sourceTree = "<group>"; };
		7A6CE2CD292B83B7006DF397 /* Base */ = {isa = PBXFileReference; lastKnownFileType = file.storyboard; name = Base; path = Base.lproj/Main.storyboard; sourceTree = "<group>"; };
		7A6CE2D2292B83BB006DF397 /* Assets.xcassets */ = {isa = PBXFileReference; lastKnownFileType = folder.assetcatalog; path = Assets.xcassets; sourceTree = "<group>"; };
		7A6CE2D5292B83BB006DF397 /* Base */ = {isa = PBXFileReference; lastKnownFileType = file.storyboard; name = Base; path = Base.lproj/LaunchScreen.storyboard; sourceTree = "<group>"; };
		7A6CE2D7292B83BB006DF397 /* Info.plist */ = {isa = PBXFileReference; lastKnownFileType = text.plist.xml; path = Info.plist; sourceTree = "<group>"; };
		7AC285BA2B8385D000FF75AB /* NewModel.xcdatamodel */ = {isa = PBXFileReference; lastKnownFileType = wrapper.xcdatamodel; path = NewModel.xcdatamodel; sourceTree = "<group>"; };
		7AC285C02B838B4600FF75AB /* Common.swift */ = {isa = PBXFileReference; lastKnownFileType = sourcecode.swift; path = Common.swift; sourceTree = "<group>"; };
/* End PBXFileReference section */

/* Begin PBXFrameworksBuildPhase section */
		7A6CE2C0292B83B7006DF397 /* Frameworks */ = {
			isa = PBXFrameworksBuildPhase;
			buildActionMask = 2147483647;
			files = (
			);
			runOnlyForDeploymentPostprocessing = 0;
		};
/* End PBXFrameworksBuildPhase section */

/* Begin PBXGroup section */
		7A6CE2BA292B83B7006DF397 = {
			isa = PBXGroup;
			children = (
				7A6CE2C5292B83B7006DF397 /* coreDataEntries */,
				7A6CE2C4292B83B7006DF397 /* Products */,
			);
			sourceTree = "<group>";
		};
		7A6CE2C4292B83B7006DF397 /* Products */ = {
			isa = PBXGroup;
			children = (
				7A6CE2C3292B83B7006DF397 /* coreDataEntries.app */,
			);
			name = Products;
			sourceTree = "<group>";
		};
		7A6CE2C5292B83B7006DF397 /* coreDataEntries */ = {
			isa = PBXGroup;
			children = (
				7A6CE2C6292B83B7006DF397 /* AppDelegate.swift */,
				7A6CE2C8292B83B7006DF397 /* SceneDelegate.swift */,
				7A6CE2CA292B83B7006DF397 /* ViewController.swift */,
				7AC285B92B8385D000FF75AB /* NewModel.xcdatamodeld */,
				7A6CE2CC292B83B7006DF397 /* Main.storyboard */,
				7A6CE2D2292B83BB006DF397 /* Assets.xcassets */,
				7A6CE2D4292B83BB006DF397 /* LaunchScreen.storyboard */,
				7A6CE2D7292B83BB006DF397 /* Info.plist */,
				7AC285C02B838B4600FF75AB /* Common.swift */,
			);
			path = coreDataEntries;
			sourceTree = "<group>";
		};
/* End PBXGroup section */

/* Begin PBXNativeTarget section */
		7A6CE2C2292B83B7006DF397 /* coreDataEntries */ = {
			isa = PBXNativeTarget;
			buildConfigurationList = 7A6CE2DA292B83BB006DF397 /* Build configuration list for PBXNativeTarget "coreDataEntries" */;
			buildPhases = (
				7A6CE2BF292B83B7006DF397 /* Sources */,
				7A6CE2C0292B83B7006DF397 /* Frameworks */,
				7A6CE2C1292B83B7006DF397 /* Resources */,
			);
			buildRules = (
			);
			dependencies = (
			);
			name = coreDataEntries;
			productName = coreDataEntries;
			productReference = 7A6CE2C3292B83B7006DF397 /* coreDataEntries.app */;
			productType = "com.apple.product-type.application";
		};
/* End PBXNativeTarget section */

/* Begin PBXProject section */
		7A6CE2BB292B83B7006DF397 /* Project object */ = {
			isa = PBXProject;
			attributes = {
				BuildIndependentTargetsInParallel = 1;
				LastSwiftUpdateCheck = 1410;
				LastUpgradeCheck = 1510;
				TargetAttributes = {
					7A6CE2C2292B83B7006DF397 = {
						CreatedOnToolsVersion = 14.1;
					};
				};
			};
			buildConfigurationList = 7A6CE2BE292B83B7006DF397 /* Build configuration list for PBXProject "coreDataEntries" */;
			compatibilityVersion = "Xcode 14.0";
			developmentRegion = en;
			hasScannedForEncodings = 0;
			knownRegions = (
				en,
				Base,
			);
			mainGroup = 7A6CE2BA292B83B7006DF397;
			productRefGroup = 7A6CE2C4292B83B7006DF397 /* Products */;
			projectDirPath = "";
			projectRoot = "";
			targets = (
				7A6CE2C2292B83B7006DF397 /* coreDataEntries */,
			);
		};
/* End PBXProject section */

/* Begin PBXResourcesBuildPhase section */
		7A6CE2C1292B83B7006DF397 /* Resources */ = {
			isa = PBXResourcesBuildPhase;
			buildActionMask = 2147483647;
			files = (
				7A6CE2D6292B83BB006DF397 /* LaunchScreen.storyboard in Resources */,
				7A6CE2D3292B83BB006DF397 /* Assets.xcassets in Resources */,
				7A6CE2CE292B83B7006DF397 /* Main.storyboard in Resources */,
			);
			runOnlyForDeploymentPostprocessing = 0;
		};
/* End PBXResourcesBuildPhase section */

/* Begin PBXSourcesBuildPhase section */
		7A6CE2BF292B83B7006DF397 /* Sources */ = {
			isa = PBXSourcesBuildPhase;
			buildActionMask = 2147483647;
			files = (
				7AC285BB2B8385D000FF75AB /* NewModel.xcdatamodeld in Sources */,
				7A6CE2CB292B83B7006DF397 /* ViewController.swift in Sources */,
				7A6CE2C7292B83B7006DF397 /* AppDelegate.swift in Sources */,
				7AC285C12B838B4600FF75AB /* Common.swift in Sources */,
				7A6CE2C9292B83B7006DF397 /* SceneDelegate.swift in Sources */,
			);
			runOnlyForDeploymentPostprocessing = 0;
		};
/* End PBXSourcesBuildPhase section */

/* Begin PBXVariantGroup section */
		7A6CE2CC292B83B7006DF397 /* Main.storyboard */ = {
			isa = PBXVariantGroup;
			children = (
				7A6CE2CD292B83B7006DF397 /* Base */,
			);
			name = Main.storyboard;
			sourceTree = "<group>";
		};
		7A6CE2D4292B83BB006DF397 /* LaunchScreen.storyboard */ = {
			isa = PBXVariantGroup;
			children = (
				7A6CE2D5292B83BB006DF397 /* Base */,
			);
			name = LaunchScreen.storyboard;
			sourceTree = "<group>";
		};
/* End PBXVariantGroup section */

/* Begin XCBuildConfiguration section */
		7A6CE2D8292B83BB006DF397 /* Debug */ = {
			isa = XCBuildConfiguration;
			buildSettings = {
				ALWAYS_SEARCH_USER_PATHS = NO;
				CLANG_ANALYZER_NONNULL = YES;
				CLANG_ANALYZER_NUMBER_OBJECT_CONVERSION = YES_AGGRESSIVE;
				CLANG_CXX_LANGUAGE_STANDARD = "gnu++20";
				CLANG_ENABLE_MODULES = YES;
				CLANG_ENABLE_OBJC_ARC = YES;
				CLANG_ENABLE_OBJC_WEAK = YES;
				CLANG_WARN_BLOCK_CAPTURE_AUTORELEASING = YES;
				CLANG_WARN_BOOL_CONVERSION = YES;
				CLANG_WARN_COMMA = YES;
				CLANG_WARN_CONSTANT_CONVERSION = YES;
				CLANG_WARN_DEPRECATED_OBJC_IMPLEMENTATIONS = YES;
				CLANG_WARN_DIRECT_OBJC_ISA_USAGE = YES_ERROR;
				CLANG_WARN_DOCUMENTATION_COMMENTS = YES;
				CLANG_WARN_EMPTY_BODY = YES;
				CLANG_WARN_ENUM_CONVERSION = YES;
				CLANG_WARN_INFINITE_RECURSION = YES;
				CLANG_WARN_INT_CONVERSION = YES;
				CLANG_WARN_NON_LITERAL_NULL_CONVERSION = YES;
				CLANG_WARN_OBJC_IMPLICIT_RETAIN_SELF = YES;
				CLANG_WARN_OBJC_LITERAL_CONVERSION = YES;
				CLANG_WARN_OBJC_ROOT_CLASS = YES_ERROR;
				CLANG_WARN_QUOTED_INCLUDE_IN_FRAMEWORK_HEADER = YES;
				CLANG_WARN_RANGE_LOOP_ANALYSIS = YES;
				CLANG_WARN_STRICT_PROTOTYPES = YES;
				CLANG_WARN_SUSPICIOUS_MOVE = YES;
				CLANG_WARN_UNGUARDED_AVAILABILITY = YES_AGGRESSIVE;
				CLANG_WARN_UNREACHABLE_CODE = YES;
				CLANG_WARN__DUPLICATE_METHOD_MATCH = YES;
				COPY_PHASE_STRIP = NO;
				DEBUG_INFORMATION_FORMAT = dwarf;
				ENABLE_STRICT_OBJC_MSGSEND = YES;
				ENABLE_TESTABILITY = YES;
				ENABLE_USER_SCRIPT_SANDBOXING = YES;
				GCC_C_LANGUAGE_STANDARD = gnu11;
				GCC_DYNAMIC_NO_PIC = NO;
				GCC_NO_COMMON_BLOCKS = YES;
				GCC_OPTIMIZATION_LEVEL = 0;
				GCC_PREPROCESSOR_DEFINITIONS = (
					"DEBUG=1",
					"$(inherited)",
				);
				GCC_WARN_64_TO_32_BIT_CONVERSION = YES;
				GCC_WARN_ABOUT_RETURN_TYPE = YES_ERROR;
				GCC_WARN_UNDECLARED_SELECTOR = YES;
				GCC_WARN_UNINITIALIZED_AUTOS = YES_AGGRESSIVE;
				GCC_WARN_UNUSED_FUNCTION = YES;
				GCC_WARN_UNUSED_VARIABLE = YES;
				IPHONEOS_DEPLOYMENT_TARGET = 16.1;
				MTL_ENABLE_DEBUG_INFO = INCLUDE_SOURCE;
				MTL_FAST_MATH = YES;
				ONLY_ACTIVE_ARCH = YES;
				SDKROOT = iphoneos;
				SWIFT_ACTIVE_COMPILATION_CONDITIONS = DEBUG;
				SWIFT_OPTIMIZATION_LEVEL = "-Onone";
			};
			name = Debug;
		};
		7A6CE2D9292B83BB006DF397 /* Release */ = {
			isa = XCBuildConfiguration;
			buildSettings = {
				ALWAYS_SEARCH_USER_PATHS = NO;
				CLANG_ANALYZER_NONNULL = YES;
				CLANG_ANALYZER_NUMBER_OBJECT_CONVERSION = YES_AGGRESSIVE;
				CLANG_CXX_LANGUAGE_STANDARD = "gnu++20";
				CLANG_ENABLE_MODULES = YES;
				CLANG_ENABLE_OBJC_ARC = YES;
				CLANG_ENABLE_OBJC_WEAK = YES;
				CLANG_WARN_BLOCK_CAPTURE_AUTORELEASING = YES;
				CLANG_WARN_BOOL_CONVERSION = YES;
				CLANG_WARN_COMMA = YES;
				CLANG_WARN_CONSTANT_CONVERSION = YES;
				CLANG_WARN_DEPRECATED_OBJC_IMPLEMENTATIONS = YES;
				CLANG_WARN_DIRECT_OBJC_ISA_USAGE = YES_ERROR;
				CLANG_WARN_DOCUMENTATION_COMMENTS = YES;
				CLANG_WARN_EMPTY_BODY = YES;
				CLANG_WARN_ENUM_CONVERSION = YES;
				CLANG_WARN_INFINITE_RECURSION = YES;
				CLANG_WARN_INT_CONVERSION = YES;
				CLANG_WARN_NON_LITERAL_NULL_CONVERSION = YES;
				CLANG_WARN_OBJC_IMPLICIT_RETAIN_SELF = YES;
				CLANG_WARN_OBJC_LITERAL_CONVERSION = YES;
				CLANG_WARN_OBJC_ROOT_CLASS = YES_ERROR;
				CLANG_WARN_QUOTED_INCLUDE_IN_FRAMEWORK_HEADER = YES;
				CLANG_WARN_RANGE_LOOP_ANALYSIS = YES;
				CLANG_WARN_STRICT_PROTOTYPES = YES;
				CLANG_WARN_SUSPICIOUS_MOVE = YES;
				CLANG_WARN_UNGUARDED_AVAILABILITY = YES_AGGRESSIVE;
				CLANG_WARN_UNREACHABLE_CODE = YES;
				CLANG_WARN__DUPLICATE_METHOD_MATCH = YES;
				COPY_PHASE_STRIP = NO;
				DEBUG_INFORMATION_FORMAT = "dwarf-with-dsym";
				ENABLE_NS_ASSERTIONS = NO;
				ENABLE_STRICT_OBJC_MSGSEND = YES;
				ENABLE_USER_SCRIPT_SANDBOXING = YES;
				GCC_C_LANGUAGE_STANDARD = gnu11;
				GCC_NO_COMMON_BLOCKS = YES;
				GCC_WARN_64_TO_32_BIT_CONVERSION = YES;
				GCC_WARN_ABOUT_RETURN_TYPE = YES_ERROR;
				GCC_WARN_UNDECLARED_SELECTOR = YES;
				GCC_WARN_UNINITIALIZED_AUTOS = YES_AGGRESSIVE;
				GCC_WARN_UNUSED_FUNCTION = YES;
				GCC_WARN_UNUSED_VARIABLE = YES;
				IPHONEOS_DEPLOYMENT_TARGET = 16.1;
				MTL_ENABLE_DEBUG_INFO = NO;
				MTL_FAST_MATH = YES;
				SDKROOT = iphoneos;
				SWIFT_COMPILATION_MODE = wholemodule;
				SWIFT_OPTIMIZATION_LEVEL = "-O";
				VALIDATE_PRODUCT = YES;
			};
			name = Release;
		};
		7A6CE2DB292B83BB006DF397 /* Debug */ = {
			isa = XCBuildConfiguration;
			buildSettings = {
				ASSETCATALOG_COMPILER_APPICON_NAME = AppIcon;
				ASSETCATALOG_COMPILER_GLOBAL_ACCENT_COLOR_NAME = AccentColor;
				CODE_SIGN_STYLE = Automatic;
				CURRENT_PROJECT_VERSION = 1;
				DEVELOPMENT_TEAM = QWTCMH49D4;
				GENERATE_INFOPLIST_FILE = YES;
				INFOPLIST_FILE = coreDataEntries/Info.plist;
				INFOPLIST_KEY_CFBundleDisplayName = CoreDataEntriesProject;
				INFOPLIST_KEY_UIApplicationSupportsIndirectInputEvents = YES;
				INFOPLIST_KEY_UILaunchStoryboardName = LaunchScreen;
				INFOPLIST_KEY_UIMainStoryboardFile = Main;
				INFOPLIST_KEY_UISupportedInterfaceOrientations_iPad = "UIInterfaceOrientationPortrait UIInterfaceOrientationPortraitUpsideDown UIInterfaceOrientationLandscapeLeft UIInterfaceOrientationLandscapeRight";
				INFOPLIST_KEY_UISupportedInterfaceOrientations_iPhone = "UIInterfaceOrientationPortrait UIInterfaceOrientationLandscapeLeft UIInterfaceOrientationLandscapeRight";
				LD_RUNPATH_SEARCH_PATHS = (
					"$(inherited)",
					"@executable_path/Frameworks",
				);
				MARKETING_VERSION = 1.0;
				PRODUCT_BUNDLE_IDENTIFIER = hari.coreDataEntries;
				PRODUCT_NAME = "$(TARGET_NAME)";
				SWIFT_EMIT_LOC_STRINGS = YES;
				SWIFT_VERSION = 5.0;
				TARGETED_DEVICE_FAMILY = "1,2";
			};
			name = Debug;
		};
		7A6CE2DC292B83BB006DF397 /* Release */ = {
			isa = XCBuildConfiguration;
			buildSettings = {
				ASSETCATALOG_COMPILER_APPICON_NAME = AppIcon;
				ASSETCATALOG_COMPILER_GLOBAL_ACCENT_COLOR_NAME = AccentColor;
				CODE_SIGN_STYLE = Automatic;
				CURRENT_PROJECT_VERSION = 1;
				DEVELOPMENT_TEAM = QWTCMH49D4;
				GENERATE_INFOPLIST_FILE = YES;
				INFOPLIST_FILE = coreDataEntries/Info.plist;
				INFOPLIST_KEY_CFBundleDisplayName = CoreDataEntriesProject;
				INFOPLIST_KEY_UIApplicationSupportsIndirectInputEvents = YES;
				INFOPLIST_KEY_UILaunchStoryboardName = LaunchScreen;
				INFOPLIST_KEY_UIMainStoryboardFile = Main;
				INFOPLIST_KEY_UISupportedInterfaceOrientations_iPad = "UIInterfaceOrientationPortrait UIInterfaceOrientationPortraitUpsideDown UIInterfaceOrientationLandscapeLeft UIInterfaceOrientationLandscapeRight";
				INFOPLIST_KEY_UISupportedInterfaceOrientations_iPhone = "UIInterfaceOrientationPortrait UIInterfaceOrientationLandscapeLeft UIInterfaceOrientationLandscapeRight";
				LD_RUNPATH_SEARCH_PATHS = (
					"$(inherited)",
					"@executable_path/Frameworks",
				);
				MARKETING_VERSION = 1.0;
				PRODUCT_BUNDLE_IDENTIFIER = hari.coreDataEntries;
				PRODUCT_NAME = "$(TARGET_NAME)";
				SWIFT_EMIT_LOC_STRINGS = YES;
				SWIFT_VERSION = 5.0;
				TARGETED_DEVICE_FAMILY = "1,2";
			};
			name = Release;
		};
/* End XCBuildConfiguration section */

/* Begin XCConfigurationList section */
		7A6CE2BE292B83B7006DF397 /* Build configuration list for PBXProject "coreDataEntries" */ = {
			isa = XCConfigurationList;
			buildConfigurations = (
				7A6CE2D8292B83BB006DF397 /* Debug */,
				7A6CE2D9292B83BB006DF397 /* Release */,
			);
			defaultConfigurationIsVisible = 0;
			defaultConfigurationName = Release;
		};
		7A6CE2DA292B83BB006DF397 /* Build configuration list for PBXNativeTarget "coreDataEntries" */ = {
			isa = XCConfigurationList;
			buildConfigurations = (
				7A6CE2DB292B83BB006DF397 /* Debug */,
				7A6CE2DC292B83BB006DF397 /* Release */,
			);
			defaultConfigurationIsVisible = 0;
			defaultConfigurationName = Release;
		};
/* End XCConfigurationList section */

/* Begin XCVersionGroup section */
		7AC285B92B8385D000FF75AB /* NewModel.xcdatamodeld */ = {
			isa = XCVersionGroup;
			children = (
				7AC285BA2B8385D000FF75AB /* NewModel.xcdatamodel */,
			);
			currentVersion = 7AC285BA2B8385D000FF75AB /* NewModel.xcdatamodel */;
			path = NewModel.xcdatamodeld;
			sourceTree = "<group>";
			versionGroupType = wrapper.xcdatamodel;
		};
/* End XCVersionGroup section */
	};
	rootObject = 7A6CE2BB292B83B7006DF397 /* Project object */;
}
