// !$*UTF8*$!
{
	archiveVersion = 1;
	classes = {
	};
	objectVersion = 55;
	objects = {

/* Begin PBXBuildFile section */
		E1AE4B51287BEE77006CC35B /* AppDelegate.swift in Sources */ = {isa = PBXBuildFile; fileRef = E1AE4B50287BEE77006CC35B /* AppDelegate.swift */; };
		E1AE4B53287BEE77006CC35B /* SceneDelegate.swift in Sources */ = {isa = PBXBuildFile; fileRef = E1AE4B52287BEE77006CC35B /* SceneDelegate.swift */; };
		E1AE4B55287BEE77006CC35B /* ViewController.swift in Sources */ = {isa = PBXBuildFile; fileRef = E1AE4B54287BEE77006CC35B /* ViewController.swift */; };
		E1AE4B58287BEE77006CC35B /* Main.storyboard in Resources */ = {isa = PBXBuildFile; fileRef = E1AE4B56287BEE77006CC35B /* Main.storyboard */; };
		E1AE4B5A287BEE79006CC35B /* Assets.xcassets in Resources */ = {isa = PBXBuildFile; fileRef = E1AE4B59287BEE79006CC35B /* Assets.xcassets */; };
		E1AE4B5D287BEE79006CC35B /* LaunchScreen.storyboard in Resources */ = {isa = PBXBuildFile; fileRef = E1AE4B5B287BEE79006CC35B /* LaunchScreen.storyboard */; };
		E1AE4B68287BEE7A006CC35B /* ExportVideoFileTests.swift in Sources */ = {isa = PBXBuildFile; fileRef = E1AE4B67287BEE7A006CC35B /* ExportVideoFileTests.swift */; };
		E1AE4B72287BEE7A006CC35B /* ExportVideoFileUITests.swift in Sources */ = {isa = PBXBuildFile; fileRef = E1AE4B71287BEE7A006CC35B /* ExportVideoFileUITests.swift */; };
		E1AE4B74287BEE7A006CC35B /* ExportVideoFileUITestsLaunchTests.swift in Sources */ = {isa = PBXBuildFile; fileRef = E1AE4B73287BEE7A006CC35B /* ExportVideoFileUITestsLaunchTests.swift */; };
		E1AE4B84287D8864006CC35B /* leaf.mp4 in Resources */ = {isa = PBXBuildFile; fileRef = E1AE4B83287D8864006CC35B /* leaf.mp4 */; };
		E1AE4B86287DA525006CC35B /* VideoExporter.swift in Sources */ = {isa = PBXBuildFile; fileRef = E1AE4B85287DA525006CC35B /* VideoExporter.swift */; };
		E1AE4B88287DA58C006CC35B /* ReferenceViewController.swift in Sources */ = {isa = PBXBuildFile; fileRef = E1AE4B87287DA58C006CC35B /* ReferenceViewController.swift */; };
/* End PBXBuildFile section */

/* Begin PBXContainerItemProxy section */
		E1AE4B64287BEE7A006CC35B /* PBXContainerItemProxy */ = {
			isa = PBXContainerItemProxy;
			containerPortal = E1AE4B45287BEE77006CC35B /* Project object */;
			proxyType = 1;
			remoteGlobalIDString = E1AE4B4C287BEE77006CC35B;
			remoteInfo = ExportVideoFile;
		};
		E1AE4B6E287BEE7A006CC35B /* PBXContainerItemProxy */ = {
			isa = PBXContainerItemProxy;
			containerPortal = E1AE4B45287BEE77006CC35B /* Project object */;
			proxyType = 1;
			remoteGlobalIDString = E1AE4B4C287BEE77006CC35B;
			remoteInfo = ExportVideoFile;
		};
/* End PBXContainerItemProxy section */

/* Begin PBXFileReference section */
		E1AE4B4D287BEE77006CC35B /* ExportVideoFile.app */ = {isa = PBXFileReference; explicitFileType = wrapper.application; includeInIndex = 0; path = ExportVideoFile.app; sourceTree = BUILT_PRODUCTS_DIR; };
		E1AE4B50287BEE77006CC35B /* AppDelegate.swift */ = {isa = PBXFileReference; lastKnownFileType = sourcecode.swift; path = AppDelegate.swift; sourceTree = "<group>"; };
		E1AE4B52287BEE77006CC35B /* SceneDelegate.swift */ = {isa = PBXFileReference; lastKnownFileType = sourcecode.swift; path = SceneDelegate.swift; sourceTree = "<group>"; };
		E1AE4B54287BEE77006CC35B /* ViewController.swift */ = {isa = PBXFileReference; lastKnownFileType = sourcecode.swift; path = ViewController.swift; sourceTree = "<group>"; };
		E1AE4B57287BEE77006CC35B /* Base */ = {isa = PBXFileReference; lastKnownFileType = file.storyboard; name = Base; path = Base.lproj/Main.storyboard; sourceTree = "<group>"; };
		E1AE4B59287BEE79006CC35B /* Assets.xcassets */ = {isa = PBXFileReference; lastKnownFileType = folder.assetcatalog; path = Assets.xcassets; sourceTree = "<group>"; };
		E1AE4B5C287BEE79006CC35B /* Base */ = {isa = PBXFileReference; lastKnownFileType = file.storyboard; name = Base; path = Base.lproj/LaunchScreen.storyboard; sourceTree = "<group>"; };
		E1AE4B5E287BEE79006CC35B /* Info.plist */ = {isa = PBXFileReference; lastKnownFileType = text.plist.xml; path = Info.plist; sourceTree = "<group>"; };
		E1AE4B63287BEE7A006CC35B /* ExportVideoFileTests.xctest */ = {isa = PBXFileReference; explicitFileType = wrapper.cfbundle; includeInIndex = 0; path = ExportVideoFileTests.xctest; sourceTree = BUILT_PRODUCTS_DIR; };
		E1AE4B67287BEE7A006CC35B /* ExportVideoFileTests.swift */ = {isa = PBXFileReference; lastKnownFileType = sourcecode.swift; path = ExportVideoFileTests.swift; sourceTree = "<group>"; };
		E1AE4B6D287BEE7A006CC35B /* ExportVideoFileUITests.xctest */ = {isa = PBXFileReference; explicitFileType = wrapper.cfbundle; includeInIndex = 0; path = ExportVideoFileUITests.xctest; sourceTree = BUILT_PRODUCTS_DIR; };
		E1AE4B71287BEE7A006CC35B /* ExportVideoFileUITests.swift */ = {isa = PBXFileReference; lastKnownFileType = sourcecode.swift; path = ExportVideoFileUITests.swift; sourceTree = "<group>"; };
		E1AE4B73287BEE7A006CC35B /* ExportVideoFileUITestsLaunchTests.swift */ = {isa = PBXFileReference; lastKnownFileType = sourcecode.swift; path = ExportVideoFileUITestsLaunchTests.swift; sourceTree = "<group>"; };
		E1AE4B83287D8864006CC35B /* leaf.mp4 */ = {isa = PBXFileReference; lastKnownFileType = file; path = leaf.mp4; sourceTree = "<group>"; };
		E1AE4B85287DA525006CC35B /* VideoExporter.swift */ = {isa = PBXFileReference; lastKnownFileType = sourcecode.swift; path = VideoExporter.swift; sourceTree = "<group>"; };
		E1AE4B87287DA58C006CC35B /* ReferenceViewController.swift */ = {isa = PBXFileReference; lastKnownFileType = sourcecode.swift; path = ReferenceViewController.swift; sourceTree = "<group>"; };
/* End PBXFileReference section */

/* Begin PBXFrameworksBuildPhase section */
		E1AE4B4A287BEE77006CC35B /* Frameworks */ = {
			isa = PBXFrameworksBuildPhase;
			buildActionMask = 2147483647;
			files = (
			);
			runOnlyForDeploymentPostprocessing = 0;
		};
		E1AE4B60287BEE7A006CC35B /* Frameworks */ = {
			isa = PBXFrameworksBuildPhase;
			buildActionMask = 2147483647;
			files = (
			);
			runOnlyForDeploymentPostprocessing = 0;
		};
		E1AE4B6A287BEE7A006CC35B /* Frameworks */ = {
			isa = PBXFrameworksBuildPhase;
			buildActionMask = 2147483647;
			files = (
			);
			runOnlyForDeploymentPostprocessing = 0;
		};
/* End PBXFrameworksBuildPhase section */

/* Begin PBXGroup section */
		E1AE4B44287BEE77006CC35B = {
			isa = PBXGroup;
			children = (
				E1AE4B4F287BEE77006CC35B /* ExportVideoFile */,
				E1AE4B66287BEE7A006CC35B /* ExportVideoFileTests */,
				E1AE4B70287BEE7A006CC35B /* ExportVideoFileUITests */,
				E1AE4B82287D87FA006CC35B /* Video */,
				E1AE4B4E287BEE77006CC35B /* Products */,
			);
			sourceTree = "<group>";
		};
		E1AE4B4E287BEE77006CC35B /* Products */ = {
			isa = PBXGroup;
			children = (
				E1AE4B4D287BEE77006CC35B /* ExportVideoFile.app */,
				E1AE4B63287BEE7A006CC35B /* ExportVideoFileTests.xctest */,
				E1AE4B6D287BEE7A006CC35B /* ExportVideoFileUITests.xctest */,
			);
			name = Products;
			sourceTree = "<group>";
		};
		E1AE4B4F287BEE77006CC35B /* ExportVideoFile */ = {
			isa = PBXGroup;
			children = (
				E1AE4B50287BEE77006CC35B /* AppDelegate.swift */,
				E1AE4B52287BEE77006CC35B /* SceneDelegate.swift */,
				E1AE4B54287BEE77006CC35B /* ViewController.swift */,
				E1AE4B56287BEE77006CC35B /* Main.storyboard */,
				E1AE4B59287BEE79006CC35B /* Assets.xcassets */,
				E1AE4B5B287BEE79006CC35B /* LaunchScreen.storyboard */,
				E1AE4B5E287BEE79006CC35B /* Info.plist */,
				E1AE4B85287DA525006CC35B /* VideoExporter.swift */,
				E1AE4B87287DA58C006CC35B /* ReferenceViewController.swift */,
			);
			path = ExportVideoFile;
			sourceTree = "<group>";
		};
		E1AE4B66287BEE7A006CC35B /* ExportVideoFileTests */ = {
			isa = PBXGroup;
			children = (
				E1AE4B67287BEE7A006CC35B /* ExportVideoFileTests.swift */,
			);
			path = ExportVideoFileTests;
			sourceTree = "<group>";
		};
		E1AE4B70287BEE7A006CC35B /* ExportVideoFileUITests */ = {
			isa = PBXGroup;
			children = (
				E1AE4B71287BEE7A006CC35B /* ExportVideoFileUITests.swift */,
				E1AE4B73287BEE7A006CC35B /* ExportVideoFileUITestsLaunchTests.swift */,
			);
			path = ExportVideoFileUITests;
			sourceTree = "<group>";
		};
		E1AE4B82287D87FA006CC35B /* Video */ = {
			isa = PBXGroup;
			children = (
				E1AE4B83287D8864006CC35B /* leaf.mp4 */,
			);
			path = Video;
			sourceTree = "<group>";
		};
/* End PBXGroup section */

/* Begin PBXNativeTarget section */
		E1AE4B4C287BEE77006CC35B /* ExportVideoFile */ = {
			isa = PBXNativeTarget;
			buildConfigurationList = E1AE4B77287BEE7A006CC35B /* Build configuration list for PBXNativeTarget "ExportVideoFile" */;
			buildPhases = (
				E1AE4B49287BEE77006CC35B /* Sources */,
				E1AE4B4A287BEE77006CC35B /* Frameworks */,
				E1AE4B4B287BEE77006CC35B /* Resources */,
			);
			buildRules = (
			);
			dependencies = (
			);
			name = ExportVideoFile;
			productName = ExportVideoFile;
			productReference = E1AE4B4D287BEE77006CC35B /* ExportVideoFile.app */;
			productType = "com.apple.product-type.application";
		};
		E1AE4B62287BEE7A006CC35B /* ExportVideoFileTests */ = {
			isa = PBXNativeTarget;
			buildConfigurationList = E1AE4B7A287BEE7A006CC35B /* Build configuration list for PBXNativeTarget "ExportVideoFileTests" */;
			buildPhases = (
				E1AE4B5F287BEE7A006CC35B /* Sources */,
				E1AE4B60287BEE7A006CC35B /* Frameworks */,
				E1AE4B61287BEE7A006CC35B /* Resources */,
			);
			buildRules = (
			);
			dependencies = (
				E1AE4B65287BEE7A006CC35B /* PBXTargetDependency */,
			);
			name = ExportVideoFileTests;
			productName = ExportVideoFileTests;
			productReference = E1AE4B63287BEE7A006CC35B /* ExportVideoFileTests.xctest */;
			productType = "com.apple.product-type.bundle.unit-test";
		};
		E1AE4B6C287BEE7A006CC35B /* ExportVideoFileUITests */ = {
			isa = PBXNativeTarget;
			buildConfigurationList = E1AE4B7D287BEE7A006CC35B /* Build configuration list for PBXNativeTarget "ExportVideoFileUITests" */;
			buildPhases = (
				E1AE4B69287BEE7A006CC35B /* Sources */,
				E1AE4B6A287BEE7A006CC35B /* Frameworks */,
				E1AE4B6B287BEE7A006CC35B /* Resources */,
			);
			buildRules = (
			);
			dependencies = (
				E1AE4B6F287BEE7A006CC35B /* PBXTargetDependency */,
			);
			name = ExportVideoFileUITests;
			productName = ExportVideoFileUITests;
			productReference = E1AE4B6D287BEE7A006CC35B /* ExportVideoFileUITests.xctest */;
			productType = "com.apple.product-type.bundle.ui-testing";
		};
/* End PBXNativeTarget section */

/* Begin PBXProject section */
		E1AE4B45287BEE77006CC35B /* Project object */ = {
			isa = PBXProject;
			attributes = {
				BuildIndependentTargetsInParallel = 1;
				LastSwiftUpdateCheck = 1330;
				LastUpgradeCheck = 1330;
				TargetAttributes = {
					E1AE4B4C287BEE77006CC35B = {
						CreatedOnToolsVersion = 13.3;
					};
					E1AE4B62287BEE7A006CC35B = {
						CreatedOnToolsVersion = 13.3;
						TestTargetID = E1AE4B4C287BEE77006CC35B;
					};
					E1AE4B6C287BEE7A006CC35B = {
						CreatedOnToolsVersion = 13.3;
						TestTargetID = E1AE4B4C287BEE77006CC35B;
					};
				};
			};
			buildConfigurationList = E1AE4B48287BEE77006CC35B /* Build configuration list for PBXProject "ExportVideoFile" */;
			compatibilityVersion = "Xcode 13.0";
			developmentRegion = en;
			hasScannedForEncodings = 0;
			knownRegions = (
				en,
				Base,
			);
			mainGroup = E1AE4B44287BEE77006CC35B;
			productRefGroup = E1AE4B4E287BEE77006CC35B /* Products */;
			projectDirPath = "";
			projectRoot = "";
			targets = (
				E1AE4B4C287BEE77006CC35B /* ExportVideoFile */,
				E1AE4B62287BEE7A006CC35B /* ExportVideoFileTests */,
				E1AE4B6C287BEE7A006CC35B /* ExportVideoFileUITests */,
			);
		};
/* End PBXProject section */

/* Begin PBXResourcesBuildPhase section */
		E1AE4B4B287BEE77006CC35B /* Resources */ = {
			isa = PBXResourcesBuildPhase;
			buildActionMask = 2147483647;
			files = (
				E1AE4B5D287BEE79006CC35B /* LaunchScreen.storyboard in Resources */,
				E1AE4B5A287BEE79006CC35B /* Assets.xcassets in Resources */,
				E1AE4B58287BEE77006CC35B /* Main.storyboard in Resources */,
				E1AE4B84287D8864006CC35B /* leaf.mp4 in Resources */,
			);
			runOnlyForDeploymentPostprocessing = 0;
		};
		E1AE4B61287BEE7A006CC35B /* Resources */ = {
			isa = PBXResourcesBuildPhase;
			buildActionMask = 2147483647;
			files = (
			);
			runOnlyForDeploymentPostprocessing = 0;
		};
		E1AE4B6B287BEE7A006CC35B /* Resources */ = {
			isa = PBXResourcesBuildPhase;
			buildActionMask = 2147483647;
			files = (
			);
			runOnlyForDeploymentPostprocessing = 0;
		};
/* End PBXResourcesBuildPhase section */

/* Begin PBXSourcesBuildPhase section */
		E1AE4B49287BEE77006CC35B /* Sources */ = {
			isa = PBXSourcesBuildPhase;
			buildActionMask = 2147483647;
			files = (
				E1AE4B88287DA58C006CC35B /* ReferenceViewController.swift in Sources */,
				E1AE4B86287DA525006CC35B /* VideoExporter.swift in Sources */,
				E1AE4B55287BEE77006CC35B /* ViewController.swift in Sources */,
				E1AE4B51287BEE77006CC35B /* AppDelegate.swift in Sources */,
				E1AE4B53287BEE77006CC35B /* SceneDelegate.swift in Sources */,
			);
			runOnlyForDeploymentPostprocessing = 0;
		};
		E1AE4B5F287BEE7A006CC35B /* Sources */ = {
			isa = PBXSourcesBuildPhase;
			buildActionMask = 2147483647;
			files = (
				E1AE4B68287BEE7A006CC35B /* ExportVideoFileTests.swift in Sources */,
			);
			runOnlyForDeploymentPostprocessing = 0;
		};
		E1AE4B69287BEE7A006CC35B /* Sources */ = {
			isa = PBXSourcesBuildPhase;
			buildActionMask = 2147483647;
			files = (
				E1AE4B74287BEE7A006CC35B /* ExportVideoFileUITestsLaunchTests.swift in Sources */,
				E1AE4B72287BEE7A006CC35B /* ExportVideoFileUITests.swift in Sources */,
			);
			runOnlyForDeploymentPostprocessing = 0;
		};
/* End PBXSourcesBuildPhase section */

/* Begin PBXTargetDependency section */
		E1AE4B65287BEE7A006CC35B /* PBXTargetDependency */ = {
			isa = PBXTargetDependency;
			target = E1AE4B4C287BEE77006CC35B /* ExportVideoFile */;
			targetProxy = E1AE4B64287BEE7A006CC35B /* PBXContainerItemProxy */;
		};
		E1AE4B6F287BEE7A006CC35B /* PBXTargetDependency */ = {
			isa = PBXTargetDependency;
			target = E1AE4B4C287BEE77006CC35B /* ExportVideoFile */;
			targetProxy = E1AE4B6E287BEE7A006CC35B /* PBXContainerItemProxy */;
		};
/* End PBXTargetDependency section */

/* Begin PBXVariantGroup section */
		E1AE4B56287BEE77006CC35B /* Main.storyboard */ = {
			isa = PBXVariantGroup;
			children = (
				E1AE4B57287BEE77006CC35B /* Base */,
			);
			name = Main.storyboard;
			sourceTree = "<group>";
		};
		E1AE4B5B287BEE79006CC35B /* LaunchScreen.storyboard */ = {
			isa = PBXVariantGroup;
			children = (
				E1AE4B5C287BEE79006CC35B /* Base */,
			);
			name = LaunchScreen.storyboard;
			sourceTree = "<group>";
		};
/* End PBXVariantGroup section */

/* Begin XCBuildConfiguration section */
		E1AE4B75287BEE7A006CC35B /* Debug */ = {
			isa = XCBuildConfiguration;
			buildSettings = {
				ALWAYS_SEARCH_USER_PATHS = NO;
				CLANG_ANALYZER_NONNULL = YES;
				CLANG_ANALYZER_NUMBER_OBJECT_CONVERSION = YES_AGGRESSIVE;
				CLANG_CXX_LANGUAGE_STANDARD = "gnu++17";
				CLANG_ENABLE_MODULES = YES;
				CLANG_ENABLE_OBJC_ARC = YES;
				CLANG_ENABLE_OBJC_WEAK = YES;
				CLANG_WARN_BLOCK_CAPTURE_AUTORELEASING = YES;
				CLANG_WARN_BOOL_CONVERSION = YES;
				CLANG_WARN_COMMA = YES;
				CLANG_WARN_CONSTANT_CONVERSION = YES;
				CLANG_WARN_DEPRECATED_OBJC_IMPLEMENTATIONS = YES;
				CLANG_WARN_DIRECT_OBJC_ISA_USAGE = YES_ERROR;
				CLANG_WARN_DOCUMENTATION_COMMENTS = YES;
				CLANG_WARN_EMPTY_BODY = YES;
				CLANG_WARN_ENUM_CONVERSION = YES;
				CLANG_WARN_INFINITE_RECURSION = YES;
				CLANG_WARN_INT_CONVERSION = YES;
				CLANG_WARN_NON_LITERAL_NULL_CONVERSION = YES;
				CLANG_WARN_OBJC_IMPLICIT_RETAIN_SELF = YES;
				CLANG_WARN_OBJC_LITERAL_CONVERSION = YES;
				CLANG_WARN_OBJC_ROOT_CLASS = YES_ERROR;
				CLANG_WARN_QUOTED_INCLUDE_IN_FRAMEWORK_HEADER = YES;
				CLANG_WARN_RANGE_LOOP_ANALYSIS = YES;
				CLANG_WARN_STRICT_PROTOTYPES = YES;
				CLANG_WARN_SUSPICIOUS_MOVE = YES;
				CLANG_WARN_UNGUARDED_AVAILABILITY = YES_AGGRESSIVE;
				CLANG_WARN_UNREACHABLE_CODE = YES;
				CLANG_WARN__DUPLICATE_METHOD_MATCH = YES;
				COPY_PHASE_STRIP = NO;
				DEBUG_INFORMATION_FORMAT = dwarf;
				ENABLE_STRICT_OBJC_MSGSEND = YES;
				ENABLE_TESTABILITY = YES;
				GCC_C_LANGUAGE_STANDARD = gnu11;
				GCC_DYNAMIC_NO_PIC = NO;
				GCC_NO_COMMON_BLOCKS = YES;
				GCC_OPTIMIZATION_LEVEL = 0;
				GCC_PREPROCESSOR_DEFINITIONS = (
					"DEBUG=1",
					"$(inherited)",
				);
				GCC_WARN_64_TO_32_BIT_CONVERSION = YES;
				GCC_WARN_ABOUT_RETURN_TYPE = YES_ERROR;
				GCC_WARN_UNDECLARED_SELECTOR = YES;
				GCC_WARN_UNINITIALIZED_AUTOS = YES_AGGRESSIVE;
				GCC_WARN_UNUSED_FUNCTION = YES;
				GCC_WARN_UNUSED_VARIABLE = YES;
				IPHONEOS_DEPLOYMENT_TARGET = 15.4;
				MTL_ENABLE_DEBUG_INFO = INCLUDE_SOURCE;
				MTL_FAST_MATH = YES;
				ONLY_ACTIVE_ARCH = YES;
				SDKROOT = iphoneos;
				SWIFT_ACTIVE_COMPILATION_CONDITIONS = DEBUG;
				SWIFT_OPTIMIZATION_LEVEL = "-Onone";
			};
			name = Debug;
		};
		E1AE4B76287BEE7A006CC35B /* Release */ = {
			isa = XCBuildConfiguration;
			buildSettings = {
				ALWAYS_SEARCH_USER_PATHS = NO;
				CLANG_ANALYZER_NONNULL = YES;
				CLANG_ANALYZER_NUMBER_OBJECT_CONVERSION = YES_AGGRESSIVE;
				CLANG_CXX_LANGUAGE_STANDARD = "gnu++17";
				CLANG_ENABLE_MODULES = YES;
				CLANG_ENABLE_OBJC_ARC = YES;
				CLANG_ENABLE_OBJC_WEAK = YES;
				CLANG_WARN_BLOCK_CAPTURE_AUTORELEASING = YES;
				CLANG_WARN_BOOL_CONVERSION = YES;
				CLANG_WARN_COMMA = YES;
				CLANG_WARN_CONSTANT_CONVERSION = YES;
				CLANG_WARN_DEPRECATED_OBJC_IMPLEMENTATIONS = YES;
				CLANG_WARN_DIRECT_OBJC_ISA_USAGE = YES_ERROR;
				CLANG_WARN_DOCUMENTATION_COMMENTS = YES;
				CLANG_WARN_EMPTY_BODY = YES;
				CLANG_WARN_ENUM_CONVERSION = YES;
				CLANG_WARN_INFINITE_RECURSION = YES;
				CLANG_WARN_INT_CONVERSION = YES;
				CLANG_WARN_NON_LITERAL_NULL_CONVERSION = YES;
				CLANG_WARN_OBJC_IMPLICIT_RETAIN_SELF = YES;
				CLANG_WARN_OBJC_LITERAL_CONVERSION = YES;
				CLANG_WARN_OBJC_ROOT_CLASS = YES_ERROR;
				CLANG_WARN_QUOTED_INCLUDE_IN_FRAMEWORK_HEADER = YES;
				CLANG_WARN_RANGE_LOOP_ANALYSIS = YES;
				CLANG_WARN_STRICT_PROTOTYPES = YES;
				CLANG_WARN_SUSPICIOUS_MOVE = YES;
				CLANG_WARN_UNGUARDED_AVAILABILITY = YES_AGGRESSIVE;
				CLANG_WARN_UNREACHABLE_CODE = YES;
				CLANG_WARN__DUPLICATE_METHOD_MATCH = YES;
				COPY_PHASE_STRIP = NO;
				DEBUG_INFORMATION_FORMAT = "dwarf-with-dsym";
				ENABLE_NS_ASSERTIONS = NO;
				ENABLE_STRICT_OBJC_MSGSEND = YES;
				GCC_C_LANGUAGE_STANDARD = gnu11;
				GCC_NO_COMMON_BLOCKS = YES;
				GCC_WARN_64_TO_32_BIT_CONVERSION = YES;
				GCC_WARN_ABOUT_RETURN_TYPE = YES_ERROR;
				GCC_WARN_UNDECLARED_SELECTOR = YES;
				GCC_WARN_UNINITIALIZED_AUTOS = YES_AGGRESSIVE;
				GCC_WARN_UNUSED_FUNCTION = YES;
				GCC_WARN_UNUSED_VARIABLE = YES;
				IPHONEOS_DEPLOYMENT_TARGET = 15.4;
				MTL_ENABLE_DEBUG_INFO = NO;
				MTL_FAST_MATH = YES;
				SDKROOT = iphoneos;
				SWIFT_COMPILATION_MODE = wholemodule;
				SWIFT_OPTIMIZATION_LEVEL = "-O";
				VALIDATE_PRODUCT = YES;
			};
			name = Release;
		};
		E1AE4B78287BEE7A006CC35B /* Debug */ = {
			isa = XCBuildConfiguration;
			buildSettings = {
				ASSETCATALOG_COMPILER_APPICON_NAME = AppIcon;
				ASSETCATALOG_COMPILER_GLOBAL_ACCENT_COLOR_NAME = AccentColor;
				CODE_SIGN_STYLE = Automatic;
				CURRENT_PROJECT_VERSION = 1;
				DEVELOPMENT_TEAM = Q4A8JDTFF8;
				GENERATE_INFOPLIST_FILE = YES;
				INFOPLIST_FILE = ExportVideoFile/Info.plist;
				INFOPLIST_KEY_UIApplicationSupportsIndirectInputEvents = YES;
				INFOPLIST_KEY_UILaunchStoryboardName = LaunchScreen;
				INFOPLIST_KEY_UIMainStoryboardFile = Main;
				INFOPLIST_KEY_UISupportedInterfaceOrientations_iPad = "UIInterfaceOrientationPortrait UIInterfaceOrientationPortraitUpsideDown UIInterfaceOrientationLandscapeLeft UIInterfaceOrientationLandscapeRight";
				INFOPLIST_KEY_UISupportedInterfaceOrientations_iPhone = "UIInterfaceOrientationPortrait UIInterfaceOrientationLandscapeLeft UIInterfaceOrientationLandscapeRight";
				LD_RUNPATH_SEARCH_PATHS = (
					"$(inherited)",
					"@executable_path/Frameworks",
				);
				MARKETING_VERSION = 1.0;
				PRODUCT_BUNDLE_IDENTIFIER = com.Project.ExportVideoFile;
				PRODUCT_NAME = "$(TARGET_NAME)";
				SWIFT_EMIT_LOC_STRINGS = YES;
				SWIFT_VERSION = 5.0;
				TARGETED_DEVICE_FAMILY = "1,2";
			};
			name = Debug;
		};
		E1AE4B79287BEE7A006CC35B /* Release */ = {
			isa = XCBuildConfiguration;
			buildSettings = {
				ASSETCATALOG_COMPILER_APPICON_NAME = AppIcon;
				ASSETCATALOG_COMPILER_GLOBAL_ACCENT_COLOR_NAME = AccentColor;
				CODE_SIGN_STYLE = Automatic;
				CURRENT_PROJECT_VERSION = 1;
				DEVELOPMENT_TEAM = Q4A8JDTFF8;
				GENERATE_INFOPLIST_FILE = YES;
				INFOPLIST_FILE = ExportVideoFile/Info.plist;
				INFOPLIST_KEY_UIApplicationSupportsIndirectInputEvents = YES;
				INFOPLIST_KEY_UILaunchStoryboardName = LaunchScreen;
				INFOPLIST_KEY_UIMainStoryboardFile = Main;
				INFOPLIST_KEY_UISupportedInterfaceOrientations_iPad = "UIInterfaceOrientationPortrait UIInterfaceOrientationPortraitUpsideDown UIInterfaceOrientationLandscapeLeft UIInterfaceOrientationLandscapeRight";
				INFOPLIST_KEY_UISupportedInterfaceOrientations_iPhone = "UIInterfaceOrientationPortrait UIInterfaceOrientationLandscapeLeft UIInterfaceOrientationLandscapeRight";
				LD_RUNPATH_SEARCH_PATHS = (
					"$(inherited)",
					"@executable_path/Frameworks",
				);
				MARKETING_VERSION = 1.0;
				PRODUCT_BUNDLE_IDENTIFIER = com.Project.ExportVideoFile;
				PRODUCT_NAME = "$(TARGET_NAME)";
				SWIFT_EMIT_LOC_STRINGS = YES;
				SWIFT_VERSION = 5.0;
				TARGETED_DEVICE_FAMILY = "1,2";
			};
			name = Release;
		};
		E1AE4B7B287BEE7A006CC35B /* Debug */ = {
			isa = XCBuildConfiguration;
			buildSettings = {
				ALWAYS_EMBED_SWIFT_STANDARD_LIBRARIES = YES;
				BUNDLE_LOADER = "$(TEST_HOST)";
				CODE_SIGN_STYLE = Automatic;
				CURRENT_PROJECT_VERSION = 1;
				DEVELOPMENT_TEAM = Q4A8JDTFF8;
				GENERATE_INFOPLIST_FILE = YES;
				IPHONEOS_DEPLOYMENT_TARGET = 15.4;
				MARKETING_VERSION = 1.0;
				PRODUCT_BUNDLE_IDENTIFIER = com.Project.ExportVideoFileTests;
				PRODUCT_NAME = "$(TARGET_NAME)";
				SWIFT_EMIT_LOC_STRINGS = NO;
				SWIFT_VERSION = 5.0;
				TARGETED_DEVICE_FAMILY = "1,2";
				TEST_HOST = "$(BUILT_PRODUCTS_DIR)/ExportVideoFile.app/ExportVideoFile";
			};
			name = Debug;
		};
		E1AE4B7C287BEE7A006CC35B /* Release */ = {
			isa = XCBuildConfiguration;
			buildSettings = {
				ALWAYS_EMBED_SWIFT_STANDARD_LIBRARIES = YES;
				BUNDLE_LOADER = "$(TEST_HOST)";
				CODE_SIGN_STYLE = Automatic;
				CURRENT_PROJECT_VERSION = 1;
				DEVELOPMENT_TEAM = Q4A8JDTFF8;
				GENERATE_INFOPLIST_FILE = YES;
				IPHONEOS_DEPLOYMENT_TARGET = 15.4;
				MARKETING_VERSION = 1.0;
				PRODUCT_BUNDLE_IDENTIFIER = com.Project.ExportVideoFileTests;
				PRODUCT_NAME = "$(TARGET_NAME)";
				SWIFT_EMIT_LOC_STRINGS = NO;
				SWIFT_VERSION = 5.0;
				TARGETED_DEVICE_FAMILY = "1,2";
				TEST_HOST = "$(BUILT_PRODUCTS_DIR)/ExportVideoFile.app/ExportVideoFile";
			};
			name = Release;
		};
		E1AE4B7E287BEE7A006CC35B /* Debug */ = {
			isa = XCBuildConfiguration;
			buildSettings = {
				ALWAYS_EMBED_SWIFT_STANDARD_LIBRARIES = YES;
				CODE_SIGN_STYLE = Automatic;
				CURRENT_PROJECT_VERSION = 1;
				DEVELOPMENT_TEAM = Q4A8JDTFF8;
				GENERATE_INFOPLIST_FILE = YES;
				MARKETING_VERSION = 1.0;
				PRODUCT_BUNDLE_IDENTIFIER = com.Project.ExportVideoFileUITests;
				PRODUCT_NAME = "$(TARGET_NAME)";
				SWIFT_EMIT_LOC_STRINGS = NO;
				SWIFT_VERSION = 5.0;
				TARGETED_DEVICE_FAMILY = "1,2";
				TEST_TARGET_NAME = ExportVideoFile;
			};
			name = Debug;
		};
		E1AE4B7F287BEE7A006CC35B /* Release */ = {
			isa = XCBuildConfiguration;
			buildSettings = {
				ALWAYS_EMBED_SWIFT_STANDARD_LIBRARIES = YES;
				CODE_SIGN_STYLE = Automatic;
				CURRENT_PROJECT_VERSION = 1;
				DEVELOPMENT_TEAM = Q4A8JDTFF8;
				GENERATE_INFOPLIST_FILE = YES;
				MARKETING_VERSION = 1.0;
				PRODUCT_BUNDLE_IDENTIFIER = com.Project.ExportVideoFileUITests;
				PRODUCT_NAME = "$(TARGET_NAME)";
				SWIFT_EMIT_LOC_STRINGS = NO;
				SWIFT_VERSION = 5.0;
				TARGETED_DEVICE_FAMILY = "1,2";
				TEST_TARGET_NAME = ExportVideoFile;
			};
			name = Release;
		};
/* End XCBuildConfiguration section */

/* Begin XCConfigurationList section */
		E1AE4B48287BEE77006CC35B /* Build configuration list for PBXProject "ExportVideoFile" */ = {
			isa = XCConfigurationList;
			buildConfigurations = (
				E1AE4B75287BEE7A006CC35B /* Debug */,
				E1AE4B76287BEE7A006CC35B /* Release */,
			);
			defaultConfigurationIsVisible = 0;
			defaultConfigurationName = Release;
		};
		E1AE4B77287BEE7A006CC35B /* Build configuration list for PBXNativeTarget "ExportVideoFile" */ = {
			isa = XCConfigurationList;
			buildConfigurations = (
				E1AE4B78287BEE7A006CC35B /* Debug */,
				E1AE4B79287BEE7A006CC35B /* Release */,
			);
			defaultConfigurationIsVisible = 0;
			defaultConfigurationName = Release;
		};
		E1AE4B7A287BEE7A006CC35B /* Build configuration list for PBXNativeTarget "ExportVideoFileTests" */ = {
			isa = XCConfigurationList;
			buildConfigurations = (
				E1AE4B7B287BEE7A006CC35B /* Debug */,
				E1AE4B7C287BEE7A006CC35B /* Release */,
			);
			defaultConfigurationIsVisible = 0;
			defaultConfigurationName = Release;
		};
		E1AE4B7D287BEE7A006CC35B /* Build configuration list for PBXNativeTarget "ExportVideoFileUITests" */ = {
			isa = XCConfigurationList;
			buildConfigurations = (
				E1AE4B7E287BEE7A006CC35B /* Debug */,
				E1AE4B7F287BEE7A006CC35B /* Release */,
			);
			defaultConfigurationIsVisible = 0;
			defaultConfigurationName = Release;
		};
/* End XCConfigurationList section */
	};
	rootObject = E1AE4B45287BEE77006CC35B /* Project object */;
}
